
Microsoft Visual Studio Solution File, Format Version 12.00
# Visual Studio Version 17
VisualStudioVersion = 17.9.34902.65
MinimumVisualStudioVersion = 10.0.40219.1
Project("{FAE04EC0-301F-11D3-BF4B-00C04F79EFBC}") = "fond", "fond\fond.csproj", "{00DA1724-8887-4B71-BA42-C8EE11A319DF}"
EndProject
Global
	GlobalSection(SolutionConfigurationPlatforms) = preSolution
		Debug|Any CPU = Debug|Any CPU
		Release|Any CPU = Release|Any CPU
	EndGlobalSection
	GlobalSection(ProjectConfigurationPlatforms) = postSolution
		{00DA1724-8887-4B71-BA42-C8EE11A319DF}.Debug|Any CPU.ActiveCfg = Debug|Any CPU
		{00DA1724-8887-4B71-BA42-C8EE11A319DF}.Debug|Any CPU.Build.0 = Debug|Any CPU
		{00DA1724-8887-4B71-BA42-C8EE11A319DF}.Release|Any CPU.ActiveCfg = Release|Any CPU
		{00DA1724-8887-4B71-BA42-C8EE11A319DF}.Release|Any CPU.Build.0 = Release|Any CPU
	EndGlobalSection
	GlobalSection(SolutionProperties) = preSolution
		HideSolutionNode = FALSE
	EndGlobalSection
	GlobalSection(ExtensibilityGlobals) = postSolution
		SolutionGuid = {B72CD1E8-A88D-43F6-B821-4033E2A2ADE3}
	EndGlobalSection
EndGlobal
